
Microsoft Visual Studio Solution File, Format Version 12.00
# Visual Studio Version 17
VisualStudioVersion = 17.13.35806.99 d17.13
MinimumVisualStudioVersion = 10.0.40219.1
Project("{FAE04EC0-301F-11D3-BF4B-00C04F79EFBC}") = "HautsTraits_CombatExtended", "HautsTraits_CombatExtended.csproj", "{A691C8A5-F3F8-4639-9462-E88407CE56A1}"
EndProject
Global
	GlobalSection(SolutionConfigurationPlatforms) = preSolution
		Debug|Any CPU = Debug|Any CPU
		Release|Any CPU = Release|Any CPU
	EndGlobalSection
	GlobalSection(ProjectConfigurationPlatforms) = postSolution
		{A691C8A5-F3F8-4639-9462-E88407CE56A1}.Debug|Any CPU.ActiveCfg = Debug|Any CPU
		{A691C8A5-F3F8-4639-9462-E88407CE56A1}.Debug|Any CPU.Build.0 = Debug|Any CPU
		{A691C8A5-F3F8-4639-9462-E88407CE56A1}.Release|Any CPU.ActiveCfg = Release|Any CPU
		{A691C8A5-F3F8-4639-9462-E88407CE56A1}.Release|Any CPU.Build.0 = Release|Any CPU
	EndGlobalSection
	GlobalSection(SolutionProperties) = preSolution
		HideSolutionNode = FALSE
	EndGlobalSection
	GlobalSection(ExtensibilityGlobals) = postSolution
		SolutionGuid = {E4CFB834-22A2-49FE-A860-883A1A533FA1}
	EndGlobalSection
EndGlobal
